// !$*UTF8*$!
{
	archiveVersion = 1;
	classes = {
	};
	objectVersion = 50;
	objects = {

/* Begin PBXBuildFile section */
		2D759E82220F91DB00DBBB76 /* LocationManager.swift in Sources */ = {isa = PBXBuildFile; fileRef = 2D759E81220F91DB00DBBB76 /* LocationManager.swift */; };
		2D782EA02203AA3E0073320F /* AppDelegate.swift in Sources */ = {isa = PBXBuildFile; fileRef = 2D782E9F2203AA3E0073320F /* AppDelegate.swift */; };
		2D782EA22203AA3E0073320F /* MasterViewController.swift in Sources */ = {isa = PBXBuildFile; fileRef = 2D782EA12203AA3E0073320F /* MasterViewController.swift */; };
		2D782EA42203AA3E0073320F /* DetailViewController.swift in Sources */ = {isa = PBXBuildFile; fileRef = 2D782EA32203AA3E0073320F /* DetailViewController.swift */; };
		2D782EA72203AA3E0073320F /* Main.storyboard in Resources */ = {isa = PBXBuildFile; fileRef = 2D782EA52203AA3E0073320F /* Main.storyboard */; };
		2D782EA92203AA400073320F /* Assets.xcassets in Resources */ = {isa = PBXBuildFile; fileRef = 2D782EA82203AA400073320F /* Assets.xcassets */; };
		2D782EAC2203AA400073320F /* LaunchScreen.storyboard in Resources */ = {isa = PBXBuildFile; fileRef = 2D782EAA2203AA400073320F /* LaunchScreen.storyboard */; };
		2D8671342204C00B007142F2 /* CoreDataManager.swift in Sources */ = {isa = PBXBuildFile; fileRef = 2D8671332204C00B007142F2 /* CoreDataManager.swift */; };
		2D8671372204EF31007142F2 /* Extensions.swift in Sources */ = {isa = PBXBuildFile; fileRef = 2D8671362204EF31007142F2 /* Extensions.swift */; };
		2D8671392205032F007142F2 /* LocationSearchTable.swift in Sources */ = {isa = PBXBuildFile; fileRef = 2D8671382205032F007142F2 /* LocationSearchTable.swift */; };
		2D93F880220E08F9004B4B3C /* ReminderList.xcdatamodeld in Sources */ = {isa = PBXBuildFile; fileRef = 2D93F87E220E08F9004B4B3C /* ReminderList.xcdatamodeld */; };
		2DBE5498220B56C700CDF46B /* Protocols.swift in Sources */ = {isa = PBXBuildFile; fileRef = 2DBE5497220B56C700CDF46B /* Protocols.swift */; };
/* End PBXBuildFile section */

/* Begin PBXFileReference section */
		2D759E81220F91DB00DBBB76 /* LocationManager.swift */ = {isa = PBXFileReference; lastKnownFileType = sourcecode.swift; path = LocationManager.swift; sourceTree = "<group>"; };
		2D782E9C2203AA3E0073320F /* Proximity Reminders App.app */ = {isa = PBXFileReference; explicitFileType = wrapper.application; includeInIndex = 0; path = "Proximity Reminders App.app"; sourceTree = BUILT_PRODUCTS_DIR; };
		2D782E9F2203AA3E0073320F /* AppDelegate.swift */ = {isa = PBXFileReference; lastKnownFileType = sourcecode.swift; path = AppDelegate.swift; sourceTree = "<group>"; };
		2D782EA12203AA3E0073320F /* MasterViewController.swift */ = {isa = PBXFileReference; indentWidth = 5; lastKnownFileType = sourcecode.swift; path = MasterViewController.swift; sourceTree = "<group>"; };
		2D782EA32203AA3E0073320F /* DetailViewController.swift */ = {isa = PBXFileReference; indentWidth = 5; lastKnownFileType = sourcecode.swift; path = DetailViewController.swift; sourceTree = "<group>"; wrapsLines = 1; };
		2D782EA62203AA3E0073320F /* Base */ = {isa = PBXFileReference; lastKnownFileType = file.storyboard; name = Base; path = Base.lproj/Main.storyboard; sourceTree = "<group>"; };
		2D782EA82203AA400073320F /* Assets.xcassets */ = {isa = PBXFileReference; lastKnownFileType = folder.assetcatalog; path = Assets.xcassets; sourceTree = "<group>"; };
		2D782EAB2203AA400073320F /* Base */ = {isa = PBXFileReference; lastKnownFileType = file.storyboard; name = Base; path = Base.lproj/LaunchScreen.storyboard; sourceTree = "<group>"; };
		2D782EAD2203AA400073320F /* Info.plist */ = {isa = PBXFileReference; lastKnownFileType = text.plist.xml; path = Info.plist; sourceTree = "<group>"; };
		2D8671332204C00B007142F2 /* CoreDataManager.swift */ = {isa = PBXFileReference; lastKnownFileType = sourcecode.swift; path = CoreDataManager.swift; sourceTree = "<group>"; };
		2D8671362204EF31007142F2 /* Extensions.swift */ = {isa = PBXFileReference; lastKnownFileType = sourcecode.swift; path = Extensions.swift; sourceTree = "<group>"; };
		2D8671382205032F007142F2 /* LocationSearchTable.swift */ = {isa = PBXFileReference; lastKnownFileType = sourcecode.swift; path = LocationSearchTable.swift; sourceTree = "<group>"; };
		2D93F87F220E08F9004B4B3C /* ReminderList.xcdatamodel */ = {isa = PBXFileReference; lastKnownFileType = wrapper.xcdatamodel; path = ReminderList.xcdatamodel; sourceTree = "<group>"; };
		2DBE5497220B56C700CDF46B /* Protocols.swift */ = {isa = PBXFileReference; lastKnownFileType = sourcecode.swift; name = Protocols.swift; path = "Proximity Reminders App/Protocols.swift"; sourceTree = SOURCE_ROOT; };
/* End PBXFileReference section */

/* Begin PBXFrameworksBuildPhase section */
		2D782E992203AA3E0073320F /* Frameworks */ = {
			isa = PBXFrameworksBuildPhase;
			buildActionMask = 2147483647;
			files = (
			);
			runOnlyForDeploymentPostprocessing = 0;
		};
/* End PBXFrameworksBuildPhase section */

/* Begin PBXGroup section */
		2D782E932203AA3E0073320F = {
			isa = PBXGroup;
			children = (
				2D782E9E2203AA3E0073320F /* Proximity Reminders App */,
				2D782E9D2203AA3E0073320F /* Products */,
			);
			sourceTree = "<group>";
		};
		2D782E9D2203AA3E0073320F /* Products */ = {
			isa = PBXGroup;
			children = (
				2D782E9C2203AA3E0073320F /* Proximity Reminders App.app */,
			);
			name = Products;
			sourceTree = "<group>";
		};
		2D782E9E2203AA3E0073320F /* Proximity Reminders App */ = {
			isa = PBXGroup;
			children = (
				2D782E9F2203AA3E0073320F /* AppDelegate.swift */,
				2D8671352204C00F007142F2 /* Model */,
				2D782EB62203C4970073320F /* Views */,
				2D782EA52203AA3E0073320F /* Main.storyboard */,
				2D782EA82203AA400073320F /* Assets.xcassets */,
				2D782EAA2203AA400073320F /* LaunchScreen.storyboard */,
				2DBE5497220B56C700CDF46B /* Protocols.swift */,
				2D8671362204EF31007142F2 /* Extensions.swift */,
				2D93F87E220E08F9004B4B3C /* ReminderList.xcdatamodeld */,
				2D782EAD2203AA400073320F /* Info.plist */,
			);
			path = "Proximity Reminders App";
			sourceTree = "<group>";
		};
		2D782EB62203C4970073320F /* Views */ = {
			isa = PBXGroup;
			children = (
				2D782EA12203AA3E0073320F /* MasterViewController.swift */,
				2D782EA32203AA3E0073320F /* DetailViewController.swift */,
				2D8671382205032F007142F2 /* LocationSearchTable.swift */,
			);
			path = Views;
			sourceTree = "<group>";
		};
		2D8671352204C00F007142F2 /* Model */ = {
			isa = PBXGroup;
			children = (
				2D8671332204C00B007142F2 /* CoreDataManager.swift */,
				2D759E81220F91DB00DBBB76 /* LocationManager.swift */,
			);
			path = Model;
			sourceTree = "<group>";
		};
/* End PBXGroup section */

/* Begin PBXNativeTarget section */
		2D782E9B2203AA3E0073320F /* Proximity Reminders App */ = {
			isa = PBXNativeTarget;
			buildConfigurationList = 2D782EB02203AA400073320F /* Build configuration list for PBXNativeTarget "Proximity Reminders App" */;
			buildPhases = (
				2D782E982203AA3E0073320F /* Sources */,
				2D782E992203AA3E0073320F /* Frameworks */,
				2D782E9A2203AA3E0073320F /* Resources */,
			);
			buildRules = (
			);
			dependencies = (
			);
			name = "Proximity Reminders App";
			productName = "Proximity Reminders App";
			productReference = 2D782E9C2203AA3E0073320F /* Proximity Reminders App.app */;
			productType = "com.apple.product-type.application";
		};
/* End PBXNativeTarget section */

/* Begin PBXProject section */
		2D782E942203AA3E0073320F /* Project object */ = {
			isa = PBXProject;
			attributes = {
				LastSwiftUpdateCheck = 1010;
				LastUpgradeCheck = 1010;
				ORGANIZATIONNAME = "Kate Duncan-Welke";
				TargetAttributes = {
					2D782E9B2203AA3E0073320F = {
						CreatedOnToolsVersion = 10.1;
					};
				};
			};
			buildConfigurationList = 2D782E972203AA3E0073320F /* Build configuration list for PBXProject "Proximity Reminders App" */;
			compatibilityVersion = "Xcode 9.3";
			developmentRegion = en;
			hasScannedForEncodings = 0;
			knownRegions = (
				en,
				Base,
			);
			mainGroup = 2D782E932203AA3E0073320F;
			productRefGroup = 2D782E9D2203AA3E0073320F /* Products */;
			projectDirPath = "";
			projectRoot = "";
			targets = (
				2D782E9B2203AA3E0073320F /* Proximity Reminders App */,
			);
		};
/* End PBXProject section */

/* Begin PBXResourcesBuildPhase section */
		2D782E9A2203AA3E0073320F /* Resources */ = {
			isa = PBXResourcesBuildPhase;
			buildActionMask = 2147483647;
			files = (
				2D782EAC2203AA400073320F /* LaunchScreen.storyboard in Resources */,
				2D782EA92203AA400073320F /* Assets.xcassets in Resources */,
				2D782EA72203AA3E0073320F /* Main.storyboard in Resources */,
			);
			runOnlyForDeploymentPostprocessing = 0;
		};
/* End PBXResourcesBuildPhase section */

/* Begin PBXSourcesBuildPhase section */
		2D782E982203AA3E0073320F /* Sources */ = {
			isa = PBXSourcesBuildPhase;
			buildActionMask = 2147483647;
			files = (
				2D8671392205032F007142F2 /* LocationSearchTable.swift in Sources */,
				2D782EA42203AA3E0073320F /* DetailViewController.swift in Sources */,
				2D8671372204EF31007142F2 /* Extensions.swift in Sources */,
				2D93F880220E08F9004B4B3C /* ReminderList.xcdatamodeld in Sources */,
				2D782EA22203AA3E0073320F /* MasterViewController.swift in Sources */,
				2D782EA02203AA3E0073320F /* AppDelegate.swift in Sources */,
				2D8671342204C00B007142F2 /* CoreDataManager.swift in Sources */,
				2DBE5498220B56C700CDF46B /* Protocols.swift in Sources */,
				2D759E82220F91DB00DBBB76 /* LocationManager.swift in Sources */,
			);
			runOnlyForDeploymentPostprocessing = 0;
		};
/* End PBXSourcesBuildPhase section */

/* Begin PBXVariantGroup section */
		2D782EA52203AA3E0073320F /* Main.storyboard */ = {
			isa = PBXVariantGroup;
			children = (
				2D782EA62203AA3E0073320F /* Base */,
			);
			name = Main.storyboard;
			sourceTree = "<group>";
		};
		2D782EAA2203AA400073320F /* LaunchScreen.storyboard */ = {
			isa = PBXVariantGroup;
			children = (
				2D782EAB2203AA400073320F /* Base */,
			);
			name = LaunchScreen.storyboard;
			sourceTree = "<group>";
		};
/* End PBXVariantGroup section */

/* Begin XCBuildConfiguration section */
		2D782EAE2203AA400073320F /* Debug */ = {
			isa = XCBuildConfiguration;
			buildSettings = {
				ALWAYS_SEARCH_USER_PATHS = NO;
				CLANG_ANALYZER_NONNULL = YES;
				CLANG_ANALYZER_NUMBER_OBJECT_CONVERSION = YES_AGGRESSIVE;
				CLANG_CXX_LANGUAGE_STANDARD = "gnu++14";
				CLANG_CXX_LIBRARY = "libc++";
				CLANG_ENABLE_MODULES = YES;
				CLANG_ENABLE_OBJC_ARC = YES;
				CLANG_ENABLE_OBJC_WEAK = YES;
				CLANG_WARN_BLOCK_CAPTURE_AUTORELEASING = YES;
				CLANG_WARN_BOOL_CONVERSION = YES;
				CLANG_WARN_COMMA = YES;
				CLANG_WARN_CONSTANT_CONVERSION = YES;
				CLANG_WARN_DEPRECATED_OBJC_IMPLEMENTATIONS = YES;
				CLANG_WARN_DIRECT_OBJC_ISA_USAGE = YES_ERROR;
				CLANG_WARN_DOCUMENTATION_COMMENTS = YES;
				CLANG_WARN_EMPTY_BODY = YES;
				CLANG_WARN_ENUM_CONVERSION = YES;
				CLANG_WARN_INFINITE_RECURSION = YES;
				CLANG_WARN_INT_CONVERSION = YES;
				CLANG_WARN_NON_LITERAL_NULL_CONVERSION = YES;
				CLANG_WARN_OBJC_IMPLICIT_RETAIN_SELF = YES;
				CLANG_WARN_OBJC_LITERAL_CONVERSION = YES;
				CLANG_WARN_OBJC_ROOT_CLASS = YES_ERROR;
				CLANG_WARN_RANGE_LOOP_ANALYSIS = YES;
				CLANG_WARN_STRICT_PROTOTYPES = YES;
				CLANG_WARN_SUSPICIOUS_MOVE = YES;
				CLANG_WARN_UNGUARDED_AVAILABILITY = YES_AGGRESSIVE;
				CLANG_WARN_UNREACHABLE_CODE = YES;
				CLANG_WARN__DUPLICATE_METHOD_MATCH = YES;
				CODE_SIGN_IDENTITY = "iPhone Developer";
				COPY_PHASE_STRIP = NO;
				DEBUG_INFORMATION_FORMAT = dwarf;
				ENABLE_STRICT_OBJC_MSGSEND = YES;
				ENABLE_TESTABILITY = YES;
				GCC_C_LANGUAGE_STANDARD = gnu11;
				GCC_DYNAMIC_NO_PIC = NO;
				GCC_NO_COMMON_BLOCKS = YES;
				GCC_OPTIMIZATION_LEVEL = 0;
				GCC_PREPROCESSOR_DEFINITIONS = (
					"DEBUG=1",
					"$(inherited)",
				);
				GCC_WARN_64_TO_32_BIT_CONVERSION = YES;
				GCC_WARN_ABOUT_RETURN_TYPE = YES_ERROR;
				GCC_WARN_UNDECLARED_SELECTOR = YES;
				GCC_WARN_UNINITIALIZED_AUTOS = YES_AGGRESSIVE;
				GCC_WARN_UNUSED_FUNCTION = YES;
				GCC_WARN_UNUSED_VARIABLE = YES;
				IPHONEOS_DEPLOYMENT_TARGET = 12.1;
				MTL_ENABLE_DEBUG_INFO = INCLUDE_SOURCE;
				MTL_FAST_MATH = YES;
				ONLY_ACTIVE_ARCH = YES;
				SDKROOT = iphoneos;
				SWIFT_ACTIVE_COMPILATION_CONDITIONS = DEBUG;
				SWIFT_OPTIMIZATION_LEVEL = "-Onone";
			};
			name = Debug;
		};
		2D782EAF2203AA400073320F /* Release */ = {
			isa = XCBuildConfiguration;
			buildSettings = {
				ALWAYS_SEARCH_USER_PATHS = NO;
				CLANG_ANALYZER_NONNULL = YES;
				CLANG_ANALYZER_NUMBER_OBJECT_CONVERSION = YES_AGGRESSIVE;
				CLANG_CXX_LANGUAGE_STANDARD = "gnu++14";
				CLANG_CXX_LIBRARY = "libc++";
				CLANG_ENABLE_MODULES = YES;
				CLANG_ENABLE_OBJC_ARC = YES;
				CLANG_ENABLE_OBJC_WEAK = YES;
				CLANG_WARN_BLOCK_CAPTURE_AUTORELEASING = YES;
				CLANG_WARN_BOOL_CONVERSION = YES;
				CLANG_WARN_COMMA = YES;
				CLANG_WARN_CONSTANT_CONVERSION = YES;
				CLANG_WARN_DEPRECATED_OBJC_IMPLEMENTATIONS = YES;
				CLANG_WARN_DIRECT_OBJC_ISA_USAGE = YES_ERROR;
				CLANG_WARN_DOCUMENTATION_COMMENTS = YES;
				CLANG_WARN_EMPTY_BODY = YES;
				CLANG_WARN_ENUM_CONVERSION = YES;
				CLANG_WARN_INFINITE_RECURSION = YES;
				CLANG_WARN_INT_CONVERSION = YES;
				CLANG_WARN_NON_LITERAL_NULL_CONVERSION = YES;
				CLANG_WARN_OBJC_IMPLICIT_RETAIN_SELF = YES;
				CLANG_WARN_OBJC_LITERAL_CONVERSION = YES;
				CLANG_WARN_OBJC_ROOT_CLASS = YES_ERROR;
				CLANG_WARN_RANGE_LOOP_ANALYSIS = YES;
				CLANG_WARN_STRICT_PROTOTYPES = YES;
				CLANG_WARN_SUSPICIOUS_MOVE = YES;
				CLANG_WARN_UNGUARDED_AVAILABILITY = YES_AGGRESSIVE;
				CLANG_WARN_UNREACHABLE_CODE = YES;
				CLANG_WARN__DUPLICATE_METHOD_MATCH = YES;
				CODE_SIGN_IDENTITY = "iPhone Developer";
				COPY_PHASE_STRIP = NO;
				DEBUG_INFORMATION_FORMAT = "dwarf-with-dsym";
				ENABLE_NS_ASSERTIONS = NO;
				ENABLE_STRICT_OBJC_MSGSEND = YES;
				GCC_C_LANGUAGE_STANDARD = gnu11;
				GCC_NO_COMMON_BLOCKS = YES;
				GCC_WARN_64_TO_32_BIT_CONVERSION = YES;
				GCC_WARN_ABOUT_RETURN_TYPE = YES_ERROR;
				GCC_WARN_UNDECLARED_SELECTOR = YES;
				GCC_WARN_UNINITIALIZED_AUTOS = YES_AGGRESSIVE;
				GCC_WARN_UNUSED_FUNCTION = YES;
				GCC_WARN_UNUSED_VARIABLE = YES;
				IPHONEOS_DEPLOYMENT_TARGET = 12.1;
				MTL_ENABLE_DEBUG_INFO = NO;
				MTL_FAST_MATH = YES;
				SDKROOT = iphoneos;
				SWIFT_COMPILATION_MODE = wholemodule;
				SWIFT_OPTIMIZATION_LEVEL = "-O";
				VALIDATE_PRODUCT = YES;
			};
			name = Release;
		};
		2D782EB12203AA400073320F /* Debug */ = {
			isa = XCBuildConfiguration;
			buildSettings = {
				ASSETCATALOG_COMPILER_APPICON_NAME = AppIcon;
				CODE_SIGN_STYLE = Automatic;
				DEVELOPMENT_TEAM = A8R365GJ52;
				INFOPLIST_FILE = "Proximity Reminders App/Info.plist";
				LD_RUNPATH_SEARCH_PATHS = (
					"$(inherited)",
					"@executable_path/Frameworks",
				);
				PRODUCT_BUNDLE_IDENTIFIER = "com.example.Proximity-Reminders-App";
				PRODUCT_NAME = "$(TARGET_NAME)";
				SWIFT_VERSION = 4.2;
				TARGETED_DEVICE_FAMILY = "1,2";
			};
			name = Debug;
		};
		2D782EB22203AA400073320F /* Release */ = {
			isa = XCBuildConfiguration;
			buildSettings = {
				ASSETCATALOG_COMPILER_APPICON_NAME = AppIcon;
				CODE_SIGN_STYLE = Automatic;
				DEVELOPMENT_TEAM = A8R365GJ52;
				INFOPLIST_FILE = "Proximity Reminders App/Info.plist";
				LD_RUNPATH_SEARCH_PATHS = (
					"$(inherited)",
					"@executable_path/Frameworks",
				);
				PRODUCT_BUNDLE_IDENTIFIER = "com.example.Proximity-Reminders-App";
				PRODUCT_NAME = "$(TARGET_NAME)";
				SWIFT_VERSION = 4.2;
				TARGETED_DEVICE_FAMILY = "1,2";
			};
			name = Release;
		};
/* End XCBuildConfiguration section */

/* Begin XCConfigurationList section */
		2D782E972203AA3E0073320F /* Build configuration list for PBXProject "Proximity Reminders App" */ = {
			isa = XCConfigurationList;
			buildConfigurations = (
				2D782EAE2203AA400073320F /* Debug */,
				2D782EAF2203AA400073320F /* Release */,
			);
			defaultConfigurationIsVisible = 0;
			defaultConfigurationName = Release;
		};
		2D782EB02203AA400073320F /* Build configuration list for PBXNativeTarget "Proximity Reminders App" */ = {
			isa = XCConfigurationList;
			buildConfigurations = (
				2D782EB12203AA400073320F /* Debug */,
				2D782EB22203AA400073320F /* Release */,
			);
			defaultConfigurationIsVisible = 0;
			defaultConfigurationName = Release;
		};
/* End XCConfigurationList section */

/* Begin XCVersionGroup section */
		2D93F87E220E08F9004B4B3C /* ReminderList.xcdatamodeld */ = {
			isa = XCVersionGroup;
			children = (
				2D93F87F220E08F9004B4B3C /* ReminderList.xcdatamodel */,
			);
			currentVersion = 2D93F87F220E08F9004B4B3C /* ReminderList.xcdatamodel */;
			path = ReminderList.xcdatamodeld;
			sourceTree = "<group>";
			versionGroupType = wrapper.xcdatamodel;
		};
/* End XCVersionGroup section */
	};
	rootObject = 2D782E942203AA3E0073320F /* Project object */;
}
